// !$*UTF8*$!
{
	archiveVersion = 1;
	classes = {
	};
	objectVersion = 48;
	objects = {

/* Begin PBXBuildFile section */
		D1BE15E31F51E4CC00939CBC /* measure.png in Resources */ = {isa = PBXBuildFile; fileRef = D1BE15E21F51E2A600939CBC /* measure.png */; };
		D1DAB8051F4D1C1500F40332 /* AppDelegate.swift in Sources */ = {isa = PBXBuildFile; fileRef = D1DAB8041F4D1C1500F40332 /* AppDelegate.swift */; };
		D1DAB8071F4D1C1600F40332 /* art.scnassets in Resources */ = {isa = PBXBuildFile; fileRef = D1DAB8061F4D1C1600F40332 /* art.scnassets */; };
		D1DAB8091F4D1C1700F40332 /* ViewController.swift in Sources */ = {isa = PBXBuildFile; fileRef = D1DAB8081F4D1C1700F40332 /* ViewController.swift */; };
		D1DAB80C1F4D1C1800F40332 /* Main.storyboard in Resources */ = {isa = PBXBuildFile; fileRef = D1DAB80A1F4D1C1800F40332 /* Main.storyboard */; };
		D1DAB80E1F4D1C1800F40332 /* Assets.xcassets in Resources */ = {isa = PBXBuildFile; fileRef = D1DAB80D1F4D1C1800F40332 /* Assets.xcassets */; };
		D1DAB8111F4D1C1800F40332 /* LaunchScreen.storyboard in Resources */ = {isa = PBXBuildFile; fileRef = D1DAB80F1F4D1C1800F40332 /* LaunchScreen.storyboard */; };
/* End PBXBuildFile section */

/* Begin PBXFileReference section */
		D1BE15E21F51E2A600939CBC /* measure.png */ = {isa = PBXFileReference; lastKnownFileType = image.png; path = measure.png; sourceTree = "<group>"; };
		D1DAB8011F4D1C1400F40332 /* MeasureAR.app */ = {isa = PBXFileReference; explicitFileType = wrapper.application; includeInIndex = 0; path = MeasureAR.app; sourceTree = BUILT_PRODUCTS_DIR; };
		D1DAB8041F4D1C1500F40332 /* AppDelegate.swift */ = {isa = PBXFileReference; lastKnownFileType = sourcecode.swift; path = AppDelegate.swift; sourceTree = "<group>"; };
		D1DAB8061F4D1C1600F40332 /* art.scnassets */ = {isa = PBXFileReference; lastKnownFileType = wrapper.scnassets; path = art.scnassets; sourceTree = "<group>"; };
		D1DAB8081F4D1C1700F40332 /* ViewController.swift */ = {isa = PBXFileReference; lastKnownFileType = sourcecode.swift; path = ViewController.swift; sourceTree = "<group>"; };
		D1DAB80B1F4D1C1800F40332 /* Base */ = {isa = PBXFileReference; lastKnownFileType = file.storyboard; name = Base; path = Base.lproj/Main.storyboard; sourceTree = "<group>"; };
		D1DAB80D1F4D1C1800F40332 /* Assets.xcassets */ = {isa = PBXFileReference; lastKnownFileType = folder.assetcatalog; path = Assets.xcassets; sourceTree = "<group>"; };
		D1DAB8101F4D1C1800F40332 /* Base */ = {isa = PBXFileReference; lastKnownFileType = file.storyboard; name = Base; path = Base.lproj/LaunchScreen.storyboard; sourceTree = "<group>"; };
		D1DAB8121F4D1C1800F40332 /* Info.plist */ = {isa = PBXFileReference; lastKnownFileType = text.plist.xml; path = Info.plist; sourceTree = "<group>"; };
/* End PBXFileReference section */

/* Begin PBXFrameworksBuildPhase section */
		D1DAB7FE1F4D1C1400F40332 /* Frameworks */ = {
			isa = PBXFrameworksBuildPhase;
			buildActionMask = 2147483647;
			files = (
			);
			runOnlyForDeploymentPostprocessing = 0;
		};
/* End PBXFrameworksBuildPhase section */

/* Begin PBXGroup section */
		D1DAB7F81F4D1C1300F40332 = {
			isa = PBXGroup;
			children = (
				D1DAB8031F4D1C1500F40332 /* MeasureAR */,
				D1DAB8021F4D1C1400F40332 /* Products */,
			);
			sourceTree = "<group>";
		};
		D1DAB8021F4D1C1400F40332 /* Products */ = {
			isa = PBXGroup;
			children = (
				D1DAB8011F4D1C1400F40332 /* MeasureAR.app */,
			);
			name = Products;
			sourceTree = "<group>";
		};
		D1DAB8031F4D1C1500F40332 /* MeasureAR */ = {
			isa = PBXGroup;
			children = (
				D1DAB8041F4D1C1500F40332 /* AppDelegate.swift */,
				D1BE15E21F51E2A600939CBC /* measure.png */,
				D1DAB8061F4D1C1600F40332 /* art.scnassets */,
				D1DAB8081F4D1C1700F40332 /* ViewController.swift */,
				D1DAB80A1F4D1C1800F40332 /* Main.storyboard */,
				D1DAB80D1F4D1C1800F40332 /* Assets.xcassets */,
				D1DAB80F1F4D1C1800F40332 /* LaunchScreen.storyboard */,
				D1DAB8121F4D1C1800F40332 /* Info.plist */,
			);
			path = MeasureAR;
			sourceTree = "<group>";
		};
/* End PBXGroup section */

/* Begin PBXNativeTarget section */
		D1DAB8001F4D1C1400F40332 /* MeasureAR */ = {
			isa = PBXNativeTarget;
			buildConfigurationList = D1DAB8151F4D1C1900F40332 /* Build configuration list for PBXNativeTarget "MeasureAR" */;
			buildPhases = (
				D1DAB7FD1F4D1C1400F40332 /* Sources */,
				D1DAB7FE1F4D1C1400F40332 /* Frameworks */,
				D1DAB7FF1F4D1C1400F40332 /* Resources */,
			);
			buildRules = (
			);
			dependencies = (
			);
			name = MeasureAR;
			productName = MeasureAR;
			productReference = D1DAB8011F4D1C1400F40332 /* MeasureAR.app */;
			productType = "com.apple.product-type.application";
		};
/* End PBXNativeTarget section */

/* Begin PBXProject section */
		D1DAB7F91F4D1C1400F40332 /* Project object */ = {
			isa = PBXProject;
			attributes = {
				LastSwiftUpdateCheck = 0900;
				LastUpgradeCheck = 0900;
				ORGANIZATIONNAME = "Taulli's Taxes";
				TargetAttributes = {
					D1DAB8001F4D1C1400F40332 = {
						CreatedOnToolsVersion = 9.0;
						ProvisioningStyle = Automatic;
					};
				};
			};
			buildConfigurationList = D1DAB7FC1F4D1C1400F40332 /* Build configuration list for PBXProject "MeasureAR" */;
			compatibilityVersion = "Xcode 8.0";
			developmentRegion = en;
			hasScannedForEncodings = 0;
			knownRegions = (
				en,
				Base,
			);
			mainGroup = D1DAB7F81F4D1C1300F40332;
			productRefGroup = D1DAB8021F4D1C1400F40332 /* Products */;
			projectDirPath = "";
			projectRoot = "";
			targets = (
				D1DAB8001F4D1C1400F40332 /* MeasureAR */,
			);
		};
/* End PBXProject section */

/* Begin PBXResourcesBuildPhase section */
		D1DAB7FF1F4D1C1400F40332 /* Resources */ = {
			isa = PBXResourcesBuildPhase;
			buildActionMask = 2147483647;
			files = (
				D1BE15E31F51E4CC00939CBC /* measure.png in Resources */,
				D1DAB8071F4D1C1600F40332 /* art.scnassets in Resources */,
				D1DAB8111F4D1C1800F40332 /* LaunchScreen.storyboard in Resources */,
				D1DAB80E1F4D1C1800F40332 /* Assets.xcassets in Resources */,
				D1DAB80C1F4D1C1800F40332 /* Main.storyboard in Resources */,
			);
			runOnlyForDeploymentPostprocessing = 0;
		};
/* End PBXResourcesBuildPhase section */

/* Begin PBXSourcesBuildPhase section */
		D1DAB7FD1F4D1C1400F40332 /* Sources */ = {
			isa = PBXSourcesBuildPhase;
			buildActionMask = 2147483647;
			files = (
				D1DAB8091F4D1C1700F40332 /* ViewController.swift in Sources */,
				D1DAB8051F4D1C1500F40332 /* AppDelegate.swift in Sources */,
			);
			runOnlyForDeploymentPostprocessing = 0;
		};
/* End PBXSourcesBuildPhase section */

/* Begin PBXVariantGroup section */
		D1DAB80A1F4D1C1800F40332 /* Main.storyboard */ = {
			isa = PBXVariantGroup;
			children = (
				D1DAB80B1F4D1C1800F40332 /* Base */,
			);
			name = Main.storyboard;
			sourceTree = "<group>";
		};
		D1DAB80F1F4D1C1800F40332 /* LaunchScreen.storyboard */ = {
			isa = PBXVariantGroup;
			children = (
				D1DAB8101F4D1C1800F40332 /* Base */,
			);
			name = LaunchScreen.storyboard;
			sourceTree = "<group>";
		};
/* End PBXVariantGroup section */

/* Begin XCBuildConfiguration section */
		D1DAB8131F4D1C1900F40332 /* Debug */ = {
			isa = XCBuildConfiguration;
			buildSettings = {
				ALWAYS_SEARCH_USER_PATHS = NO;
				CLANG_ANALYZER_NONNULL = YES;
				CLANG_ANALYZER_NUMBER_OBJECT_CONVERSION = YES_AGGRESSIVE;
				CLANG_CXX_LANGUAGE_STANDARD = "gnu++14";
				CLANG_CXX_LIBRARY = "libc++";
				CLANG_ENABLE_MODULES = YES;
				CLANG_ENABLE_OBJC_ARC = YES;
				CLANG_WARN_BLOCK_CAPTURE_AUTORELEASING = YES;
				CLANG_WARN_BOOL_CONVERSION = YES;
				CLANG_WARN_COMMA = YES;
				CLANG_WARN_CONSTANT_CONVERSION = YES;
				CLANG_WARN_DIRECT_OBJC_ISA_USAGE = YES_ERROR;
				CLANG_WARN_DOCUMENTATION_COMMENTS = YES;
				CLANG_WARN_EMPTY_BODY = YES;
				CLANG_WARN_ENUM_CONVERSION = YES;
				CLANG_WARN_INFINITE_RECURSION = YES;
				CLANG_WARN_INT_CONVERSION = YES;
				CLANG_WARN_NON_LITERAL_NULL_CONVERSION = YES;
				CLANG_WARN_OBJC_LITERAL_CONVERSION = YES;
				CLANG_WARN_OBJC_ROOT_CLASS = YES_ERROR;
				CLANG_WARN_RANGE_LOOP_ANALYSIS = YES;
				CLANG_WARN_STRICT_PROTOTYPES = YES;
				CLANG_WARN_SUSPICIOUS_MOVE = YES;
				CLANG_WARN_UNGUARDED_AVAILABILITY = YES_AGGRESSIVE;
				CLANG_WARN_UNREACHABLE_CODE = YES;
				CLANG_WARN__DUPLICATE_METHOD_MATCH = YES;
				CODE_SIGN_IDENTITY = "iPhone Developer";
				COPY_PHASE_STRIP = NO;
				DEBUG_INFORMATION_FORMAT = dwarf;
				ENABLE_STRICT_OBJC_MSGSEND = YES;
				ENABLE_TESTABILITY = YES;
				GCC_C_LANGUAGE_STANDARD = gnu11;
				GCC_DYNAMIC_NO_PIC = NO;
				GCC_NO_COMMON_BLOCKS = YES;
				GCC_OPTIMIZATION_LEVEL = 0;
				GCC_PREPROCESSOR_DEFINITIONS = (
					"DEBUG=1",
					"$(inherited)",
				);
				GCC_WARN_64_TO_32_BIT_CONVERSION = YES;
				GCC_WARN_ABOUT_RETURN_TYPE = YES_ERROR;
				GCC_WARN_UNDECLARED_SELECTOR = YES;
				GCC_WARN_UNINITIALIZED_AUTOS = YES_AGGRESSIVE;
				GCC_WARN_UNUSED_FUNCTION = YES;
				GCC_WARN_UNUSED_VARIABLE = YES;
				IPHONEOS_DEPLOYMENT_TARGET = 11.0;
				MTL_ENABLE_DEBUG_INFO = YES;
				ONLY_ACTIVE_ARCH = YES;
				SDKROOT = iphoneos;
				SWIFT_ACTIVE_COMPILATION_CONDITIONS = DEBUG;
				SWIFT_OPTIMIZATION_LEVEL = "-Onone";
			};
			name = Debug;
		};
		D1DAB8141F4D1C1900F40332 /* Release */ = {
			isa = XCBuildConfiguration;
			buildSettings = {
				ALWAYS_SEARCH_USER_PATHS = NO;
				CLANG_ANALYZER_NONNULL = YES;
				CLANG_ANALYZER_NUMBER_OBJECT_CONVERSION = YES_AGGRESSIVE;
				CLANG_CXX_LANGUAGE_STANDARD = "gnu++14";
				CLANG_CXX_LIBRARY = "libc++";
				CLANG_ENABLE_MODULES = YES;
				CLANG_ENABLE_OBJC_ARC = YES;
				CLANG_WARN_BLOCK_CAPTURE_AUTORELEASING = YES;
				CLANG_WARN_BOOL_CONVERSION = YES;
				CLANG_WARN_COMMA = YES;
				CLANG_WARN_CONSTANT_CONVERSION = YES;
				CLANG_WARN_DIRECT_OBJC_ISA_USAGE = YES_ERROR;
				CLANG_WARN_DOCUMENTATION_COMMENTS = YES;
				CLANG_WARN_EMPTY_BODY = YES;
				CLANG_WARN_ENUM_CONVERSION = YES;
				CLANG_WARN_INFINITE_RECURSION = YES;
				CLANG_WARN_INT_CONVERSION = YES;
				CLANG_WARN_NON_LITERAL_NULL_CONVERSION = YES;
				CLANG_WARN_OBJC_LITERAL_CONVERSION = YES;
				CLANG_WARN_OBJC_ROOT_CLASS = YES_ERROR;
				CLANG_WARN_RANGE_LOOP_ANALYSIS = YES;
				CLANG_WARN_STRICT_PROTOTYPES = YES;
				CLANG_WARN_SUSPICIOUS_MOVE = YES;
				CLANG_WARN_UNGUARDED_AVAILABILITY = YES_AGGRESSIVE;
				CLANG_WARN_UNREACHABLE_CODE = YES;
				CLANG_WARN__DUPLICATE_METHOD_MATCH = YES;
				CODE_SIGN_IDENTITY = "iPhone Developer";
				COPY_PHASE_STRIP = NO;
				DEBUG_INFORMATION_FORMAT = "dwarf-with-dsym";
				ENABLE_NS_ASSERTIONS = NO;
				ENABLE_STRICT_OBJC_MSGSEND = YES;
				GCC_C_LANGUAGE_STANDARD = gnu11;
				GCC_NO_COMMON_BLOCKS = YES;
				GCC_WARN_64_TO_32_BIT_CONVERSION = YES;
				GCC_WARN_ABOUT_RETURN_TYPE = YES_ERROR;
				GCC_WARN_UNDECLARED_SELECTOR = YES;
				GCC_WARN_UNINITIALIZED_AUTOS = YES_AGGRESSIVE;
				GCC_WARN_UNUSED_FUNCTION = YES;
				GCC_WARN_UNUSED_VARIABLE = YES;
				IPHONEOS_DEPLOYMENT_TARGET = 11.0;
				MTL_ENABLE_DEBUG_INFO = NO;
				SDKROOT = iphoneos;
				SWIFT_OPTIMIZATION_LEVEL = "-Owholemodule";
				VALIDATE_PRODUCT = YES;
			};
			name = Release;
		};
		D1DAB8161F4D1C1900F40332 /* Debug */ = {
			isa = XCBuildConfiguration;
			buildSettings = {
				ASSETCATALOG_COMPILER_APPICON_NAME = AppIcon;
				CODE_SIGN_STYLE = Automatic;
				DEVELOPMENT_TEAM = 3CENNF3UJ5;
				INFOPLIST_FILE = MeasureAR/Info.plist;
				LD_RUNPATH_SEARCH_PATHS = "$(inherited) @executable_path/Frameworks";
				PRODUCT_BUNDLE_IDENTIFIER = com.taulli.MeasureAR;
				PRODUCT_NAME = "$(TARGET_NAME)";
				SWIFT_VERSION = 4.0;
				TARGETED_DEVICE_FAMILY = "1,2";
			};
			name = Debug;
		};
		D1DAB8171F4D1C1900F40332 /* Release */ = {
			isa = XCBuildConfiguration;
			buildSettings = {
				ASSETCATALOG_COMPILER_APPICON_NAME = AppIcon;
				CODE_SIGN_STYLE = Automatic;
				DEVELOPMENT_TEAM = 3CENNF3UJ5;
				INFOPLIST_FILE = MeasureAR/Info.plist;
				LD_RUNPATH_SEARCH_PATHS = "$(inherited) @executable_path/Frameworks";
				PRODUCT_BUNDLE_IDENTIFIER = com.taulli.MeasureAR;
				PRODUCT_NAME = "$(TARGET_NAME)";
				SWIFT_VERSION = 4.0;
				TARGETED_DEVICE_FAMILY = "1,2";
			};
			name = Release;
		};
/* End XCBuildConfiguration section */

/* Begin XCConfigurationList section */
		D1DAB7FC1F4D1C1400F40332 /* Build configuration list for PBXProject "MeasureAR" */ = {
			isa = XCConfigurationList;
			buildConfigurations = (
				D1DAB8131F4D1C1900F40332 /* Debug */,
				D1DAB8141F4D1C1900F40332 /* Release */,
			);
			defaultConfigurationIsVisible = 0;
			defaultConfigurationName = Release;
		};
		D1DAB8151F4D1C1900F40332 /* Build configuration list for PBXNativeTarget "MeasureAR" */ = {
			isa = XCConfigurationList;
			buildConfigurations = (
				D1DAB8161F4D1C1900F40332 /* Debug */,
				D1DAB8171F4D1C1900F40332 /* Release */,
			);
			defaultConfigurationIsVisible = 0;
			defaultConfigurationName = Release;
		};
/* End XCConfigurationList section */
	};
	rootObject = D1DAB7F91F4D1C1400F40332 /* Project object */;
}
